
Microsoft Visual Studio Solution File, Format Version 12.00
# Visual Studio Version 17
VisualStudioVersion = 17.1.32421.90
MinimumVisualStudioVersion = 10.0.40219.1
Project("{FAE04EC0-301F-11D3-BF4B-00C04F79EFBC}") = "Marksheet", "Marksheet\Marksheet.csproj", "{C6A8F165-45E1-4554-B781-DD3F9CE70CA3}"
EndProject
Global
	GlobalSection(SolutionConfigurationPlatforms) = preSolution
		Debug|Any CPU = Debug|Any CPU
		Release|Any CPU = Release|Any CPU
	EndGlobalSection
	GlobalSection(ProjectConfigurationPlatforms) = postSolution
		{C6A8F165-45E1-4554-B781-DD3F9CE70CA3}.Debug|Any CPU.ActiveCfg = Debug|Any CPU
		{C6A8F165-45E1-4554-B781-DD3F9CE70CA3}.Debug|Any CPU.Build.0 = Debug|Any CPU
		{C6A8F165-45E1-4554-B781-DD3F9CE70CA3}.Release|Any CPU.ActiveCfg = Release|Any CPU
		{C6A8F165-45E1-4554-B781-DD3F9CE70CA3}.Release|Any CPU.Build.0 = Release|Any CPU
	EndGlobalSection
	GlobalSection(SolutionProperties) = preSolution
		HideSolutionNode = FALSE
	EndGlobalSection
	GlobalSection(ExtensibilityGlobals) = postSolution
		SolutionGuid = {8ADD8F03-E6C8-4051-B9A6-143242C204E0}
	EndGlobalSection
EndGlobal
